<?xml version="1.0" encoding="utf-8"?>
<Project ToolsVersion="4.0" xmlns="http://schemas.microsoft.com/developer/msbuild/2003">
  <ItemGroup>
    <Filter Include="源文件">
      <UniqueIdentifier>{4FC737F1-C7A5-4376-A066-2A32D752A2FF}</UniqueIdentifier>
      <Extensions>cpp;c;cc;cxx;def;odl;idl;hpj;bat;asm;asmx</Extensions>
    </Filter>
    <Filter Include="头文件">
      <UniqueIdentifier>{93995380-89BD-4b04-88EB-625FBE52EBFB}</UniqueIdentifier>
      <Extensions>h;hpp;hxx;hm;inl;inc;xsd</Extensions>
    </Filter>
    <Filter Include="资源文件">
      <UniqueIdentifier>{67DA6AB6-F800-4c08-8B7A-83BB121AAD01}</UniqueIdentifier>
      <Extensions>rc;ico;cur;bmp;dlg;rc2;rct;bin;rgs;gif;jpg;jpeg;jpe;resx;tiff;tif;png;wav;mfcribbon-ms</Extensions>
    </Filter>
  </ItemGroup>
  <ItemGroup>
    <None Include="ReadMe.txt" />
    <None Include="small.ico">
      <Filter>资源文件</Filter>
    </None>
    <None Include="APDesigner.ico">
      <Filter>资源文件</Filter>
    </None>
    <None Include="ModelViewSceneRenderer.xml" />
    <None Include="ModelViewSceneScript.xml" />
    <None Include="SysShaderLib.xml" />
    <None Include="SysShaderLib\vs_trans_pn.xml" />
    <None Include="SysShaderLib\all_mod2.xml" />
    <None Include="SysShaderLib\vs_vtxNdl.xml" />
  </ItemGroup>
  <ItemGroup>
    <ClInclude Include="stdafx.h">
      <Filter>头文件</Filter>
    </ClInclude>
    <ClInclude Include="targetver.h">
      <Filter>头文件</Filter>
    </ClInclude>
    <ClInclude Include="Resource.h">
      <Filter>头文件</Filter>
    </ClInclude>
    <ClInclude Include="APDCommon.h">
      <Filter>头文件</Filter>
    </ClInclude>
    <ClInclude Include="MainWindow.h">
      <Filter>头文件</Filter>
    </ClInclude>
    <ClInclude Include="CommonDialog\ChooseColor.h">
      <Filter>头文件</Filter>
    </ClInclude>
    <ClInclude Include="CommonDialog\DialogCommon.h">
      <Filter>头文件</Filter>
    </ClInclude>
    <ClInclude Include="CommonDialog\FileDialog.h">
      <Filter>头文件</Filter>
    </ClInclude>
    <ClInclude Include="Document.h">
      <Filter>头文件</Filter>
    </ClInclude>
    <ClInclude Include="TextureViewer.h">
      <Filter>头文件</Filter>
    </ClInclude>
    <ClInclude Include="Panes.h">
      <Filter>头文件</Filter>
    </ClInclude>
    <ClInclude Include="UIResources.h">
      <Filter>头文件</Filter>
    </ClInclude>
    <ClInclude Include="ObjectEditor.h">
      <Filter>头文件</Filter>
    </ClInclude>
    <ClInclude Include="BuildService\BuildService.h">
      <Filter>头文件</Filter>
    </ClInclude>
    <ClInclude Include="DocumentShader\ShaderGraph.h">
      <Filter>头文件</Filter>
    </ClInclude>
    <ClInclude Include="DocumentShader\QuadTree.h">
      <Filter>头文件</Filter>
    </ClInclude>
    <ClInclude Include="DocumentShader\GraphNode.h">
      <Filter>头文件</Filter>
    </ClInclude>
    <ClInclude Include="DocumentShader\ShaderAtomType.h">
      <Filter>头文件</Filter>
    </ClInclude>
    <ClInclude Include="CommonDialog\Win32InputBox.h">
      <Filter>头文件</Filter>
    </ClInclude>
    <ClInclude Include="DocumentShader\ShaderDataIO.h">
      <Filter>头文件</Filter>
    </ClInclude>
    <ClInclude Include="EditorExtensionManager.h">
      <Filter>头文件</Filter>
    </ClInclude>
    <ClInclude Include="DocumentShader\ExtensionShader.h">
      <Filter>头文件</Filter>
    </ClInclude>
    <ClInclude Include="DocumentShader\SNetCommonTypes.h">
      <Filter>头文件</Filter>
    </ClInclude>
    <ClInclude Include="DocumentShader\docShaderAtom.h">
      <Filter>头文件</Filter>
    </ClInclude>
    <ClInclude Include="DocumentShader\docShaderNet.h">
      <Filter>头文件</Filter>
    </ClInclude>
    <ClInclude Include="DocumentShader\dlgAtomManager.h">
      <Filter>头文件</Filter>
    </ClInclude>
    <ClInclude Include="DocumentModel\ModelDocument.h">
      <Filter>头文件</Filter>
    </ClInclude>
    <ClInclude Include="DocumentModel\ExtensionModel.h">
      <Filter>头文件</Filter>
    </ClInclude>
    <ClInclude Include="DocumentModel\MaterialDocument.h">
      <Filter>头文件</Filter>
    </ClInclude>
    <ClInclude Include="DocumentModel\ExtensionMaterial.h">
      <Filter>头文件</Filter>
    </ClInclude>
  </ItemGroup>
  <ItemGroup>
    <ClCompile Include="stdafx.cpp">
      <Filter>源文件</Filter>
    </ClCompile>
    <ClCompile Include="main.cpp">
      <Filter>源文件</Filter>
    </ClCompile>
    <ClCompile Include="MainWindow.cpp">
      <Filter>源文件</Filter>
    </ClCompile>
    <ClCompile Include="CommonDialog\ChooseColor.cpp">
      <Filter>源文件</Filter>
    </ClCompile>
    <ClCompile Include="CommonDialog\FileDialog.cpp">
      <Filter>源文件</Filter>
    </ClCompile>
    <ClCompile Include="Document.cpp">
      <Filter>源文件</Filter>
    </ClCompile>
    <ClCompile Include="TextureViewer.cpp">
      <Filter>源文件</Filter>
    </ClCompile>
    <ClCompile Include="Panes.cpp">
      <Filter>源文件</Filter>
    </ClCompile>
    <ClCompile Include="ObjectEditor.cpp">
      <Filter>源文件</Filter>
    </ClCompile>
    <ClCompile Include="CommonDialog\DialogCommon.cpp">
      <Filter>源文件</Filter>
    </ClCompile>
    <ClCompile Include="UIResources.cpp">
      <Filter>源文件</Filter>
    </ClCompile>
    <ClCompile Include="BuildService\BuildService.cpp">
      <Filter>源文件</Filter>
    </ClCompile>
    <ClCompile Include="DocumentShader\ShaderGraph.cpp">
      <Filter>源文件</Filter>
    </ClCompile>
    <ClCompile Include="DocumentShader\GraphNode.cpp">
      <Filter>源文件</Filter>
    </ClCompile>
    <ClCompile Include="DocumentShader\QuadTree.cpp">
      <Filter>源文件</Filter>
    </ClCompile>
    <ClCompile Include="DocumentShader\ShaderAtomType.cpp">
      <Filter>源文件</Filter>
    </ClCompile>
    <ClCompile Include="CommonDialog\Win32InputBox.cpp">
      <Filter>源文件</Filter>
    </ClCompile>
    <ClCompile Include="DocumentShader\ShaderDataIO.cpp">
      <Filter>源文件</Filter>
    </ClCompile>
    <ClCompile Include="EditorExtensionManager.cpp">
      <Filter>源文件</Filter>
    </ClCompile>
    <ClCompile Include="DocumentShader\ExtensionShader.cpp">
      <Filter>源文件</Filter>
    </ClCompile>
    <ClCompile Include="DocumentShader\SNetCommonTypes.cpp">
      <Filter>源文件</Filter>
    </ClCompile>
    <ClCompile Include="DocumentShader\docShaderAtom.cpp">
      <Filter>源文件</Filter>
    </ClCompile>
    <ClCompile Include="DocumentShader\docShaderNet.cpp">
      <Filter>源文件</Filter>
    </ClCompile>
    <ClCompile Include="DocumentShader\dlgAtomManager.cpp">
      <Filter>源文件</Filter>
    </ClCompile>
    <ClCompile Include="DocumentModel\ModelDocument.cpp">
      <Filter>源文件</Filter>
    </ClCompile>
    <ClCompile Include="DocumentModel\ExtensionModel.cpp">
      <Filter>源文件</Filter>
    </ClCompile>
    <ClCompile Include="DocumentModel\ExtensionMaterial.cpp">
      <Filter>源文件</Filter>
    </ClCompile>
    <ClCompile Include="DocumentModel\MaterialDocument.cpp">
      <Filter>源文件</Filter>
    </ClCompile>
  </ItemGroup>
  <ItemGroup>
    <ResourceCompile Include="APDesigner.rc">
      <Filter>资源文件</Filter>
    </ResourceCompile>
  </ItemGroup>
</Project>