
Microsoft Visual Studio Solution File, Format Version 12.00
# Visual Studio 2012
Project("{8BC9CEB8-8B4A-11D0-8D11-00A0C91BC942}") = "Apoc3d", "Apoc3D\Apoc3d.vcxproj", "{DB9F1707-9349-4171-B670-CC5AC4EE4170}"
EndProject
Project("{8BC9CEB8-8B4A-11D0-8D11-00A0C91BC942}") = "APBuild", "APBuild\APBuild.vcxproj", "{84FF48B6-E1C8-447E-A1A1-B7D67E045E68}"
EndProject
Project("{2150E333-8FDC-42A3-9474-1A3956D46DE8}") = "Tests", "Tests", "{E38C5C50-5DA2-4675-B6A6-01FDE0512B9A}"
EndProject
Project("{8BC9CEB8-8B4A-11D0-8D11-00A0C91BC942}") = "Apoc3D.D3D9RenderSystem", "Apoc3D.D3D9RenderSystem\Apoc3D_D3D9RenderSystem.vcxproj", "{54915473-0627-4A72-9939-2588588FF585}"
EndProject
Project("{8BC9CEB8-8B4A-11D0-8D11-00A0C91BC942}") = "FrameworkTest", "Tests\FrameworkTest\FrameworkTest.vcxproj", "{6195F83F-DE75-44EC-A53B-265FE3711FA1}"
EndProject
Project("{8BC9CEB8-8B4A-11D0-8D11-00A0C91BC942}") = "APDesigner", "APDesigner\APDesigner.vcxproj", "{B87E9487-0D55-4B74-B0B8-B69A03F9F544}"
	ProjectSection(ProjectDependencies) = postProject
		{A834AD24-93AB-4F33-9172-D8F920E58E6C} = {A834AD24-93AB-4F33-9172-D8F920E58E6C}
		{84FF48B6-E1C8-447E-A1A1-B7D67E045E68} = {84FF48B6-E1C8-447E-A1A1-B7D67E045E68}
	EndProjectSection
EndProject
Project("{8BC9CEB8-8B4A-11D0-8D11-00A0C91BC942}") = "Apoc3D.Essentials", "Apoc3D.Essentials\Apoc3D.Essentials.vcxproj", "{A834AD24-93AB-4F33-9172-D8F920E58E6C}"
	ProjectSection(ProjectDependencies) = postProject
		{DB9F1707-9349-4171-B670-CC5AC4EE4170} = {DB9F1707-9349-4171-B670-CC5AC4EE4170}
	EndProjectSection
EndProject
Project("{8BC9CEB8-8B4A-11D0-8D11-00A0C91BC942}") = "Sample_Terrain", "Sample_Terrain\Sample_Terrain.vcxproj", "{B7A302BD-C02D-4BB3-B6D5-B2CBEE6881BF}"
EndProject
Project("{2150E333-8FDC-42A3-9474-1A3956D46DE8}") = "Samples", "Samples", "{967EA61A-D303-411C-9D65-6CB72489F5CE}"
EndProject
Project("{2150E333-8FDC-42A3-9474-1A3956D46DE8}") = "MiscTools", "MiscTools", "{45ED24E8-AA1C-445A-B295-DDF16DDB16B8}"
EndProject
Project("{8BC9CEB8-8B4A-11D0-8D11-00A0C91BC942}") = "Apoc3D.WindowsInput", "Apoc3D.WindowsInput\Apoc3D.WindowsInput.vcxproj", "{BB441C8F-5157-43A9-B180-DFA4207ADC37}"
EndProject
Project("{8BC9CEB8-8B4A-11D0-8D11-00A0C91BC942}") = "Sample_Font", "Sample_Font\Sample_Font.vcxproj", "{5BE097D4-AA3A-41C9-B58F-EF4627B13806}"
EndProject
Project("{8BC9CEB8-8B4A-11D0-8D11-00A0C91BC942}") = "Apoc3D.OpenGL1RenderSystem", "Apoc3D.OpenGL1RenderSystem\Apoc3D.OpenGL1RenderSystem.vcxproj", "{4ECF9A4B-40A2-458D-BCDB-B48440527408}"
EndProject
Project("{8BC9CEB8-8B4A-11D0-8D11-00A0C91BC942}") = "Sample_DIP", "Sample_DIP\Sample_DIP.vcxproj", "{881548E3-B5CD-43EA-85DC-1A93C9E38D14}"
EndProject
Global
	GlobalSection(SolutionConfigurationPlatforms) = preSolution
		Debug|Win32 = Debug|Win32
		Debug|x64 = Debug|x64
		Release_DynLib|Win32 = Release_DynLib|Win32
		Release_DynLib|x64 = Release_DynLib|x64
		Release_Static|Win32 = Release_Static|Win32
		Release_Static|x64 = Release_Static|x64
		Release|Win32 = Release|Win32
		Release|x64 = Release|x64
	EndGlobalSection
	GlobalSection(ProjectConfigurationPlatforms) = postSolution
		{DB9F1707-9349-4171-B670-CC5AC4EE4170}.Debug|Win32.ActiveCfg = Debug|Win32
		{DB9F1707-9349-4171-B670-CC5AC4EE4170}.Debug|Win32.Build.0 = Debug|Win32
		{DB9F1707-9349-4171-B670-CC5AC4EE4170}.Debug|x64.ActiveCfg = Debug|Win32
		{DB9F1707-9349-4171-B670-CC5AC4EE4170}.Release_DynLib|Win32.ActiveCfg = Release_DynLib|Win32
		{DB9F1707-9349-4171-B670-CC5AC4EE4170}.Release_DynLib|Win32.Build.0 = Release_DynLib|Win32
		{DB9F1707-9349-4171-B670-CC5AC4EE4170}.Release_DynLib|x64.ActiveCfg = Release_DynLib|Win32
		{DB9F1707-9349-4171-B670-CC5AC4EE4170}.Release_Static|Win32.ActiveCfg = Release_Static|Win32
		{DB9F1707-9349-4171-B670-CC5AC4EE4170}.Release_Static|Win32.Build.0 = Release_Static|Win32
		{DB9F1707-9349-4171-B670-CC5AC4EE4170}.Release_Static|x64.ActiveCfg = Release_Static|Win32
		{DB9F1707-9349-4171-B670-CC5AC4EE4170}.Release|Win32.ActiveCfg = Release_Static|Win32
		{DB9F1707-9349-4171-B670-CC5AC4EE4170}.Release|Win32.Build.0 = Release_Static|Win32
		{DB9F1707-9349-4171-B670-CC5AC4EE4170}.Release|x64.ActiveCfg = Release_Static|Win32
		{84FF48B6-E1C8-447E-A1A1-B7D67E045E68}.Debug|Win32.ActiveCfg = Debug|Win32
		{84FF48B6-E1C8-447E-A1A1-B7D67E045E68}.Debug|Win32.Build.0 = Debug|Win32
		{84FF48B6-E1C8-447E-A1A1-B7D67E045E68}.Debug|x64.ActiveCfg = Debug|Win32
		{84FF48B6-E1C8-447E-A1A1-B7D67E045E68}.Release_DynLib|Win32.ActiveCfg = Release_DynLib|Win32
		{84FF48B6-E1C8-447E-A1A1-B7D67E045E68}.Release_DynLib|Win32.Build.0 = Release_DynLib|Win32
		{84FF48B6-E1C8-447E-A1A1-B7D67E045E68}.Release_DynLib|x64.ActiveCfg = Release_DynLib|Win32
		{84FF48B6-E1C8-447E-A1A1-B7D67E045E68}.Release_Static|Win32.ActiveCfg = Release_Static|Win32
		{84FF48B6-E1C8-447E-A1A1-B7D67E045E68}.Release_Static|Win32.Build.0 = Release_Static|Win32
		{84FF48B6-E1C8-447E-A1A1-B7D67E045E68}.Release_Static|x64.ActiveCfg = Release_Static|Win32
		{84FF48B6-E1C8-447E-A1A1-B7D67E045E68}.Release|Win32.ActiveCfg = Release_Static|Win32
		{84FF48B6-E1C8-447E-A1A1-B7D67E045E68}.Release|Win32.Build.0 = Release_Static|Win32
		{84FF48B6-E1C8-447E-A1A1-B7D67E045E68}.Release|x64.ActiveCfg = Release_Static|Win32
		{54915473-0627-4A72-9939-2588588FF585}.Debug|Win32.ActiveCfg = Debug|Win32
		{54915473-0627-4A72-9939-2588588FF585}.Debug|Win32.Build.0 = Debug|Win32
		{54915473-0627-4A72-9939-2588588FF585}.Debug|x64.ActiveCfg = Debug|Win32
		{54915473-0627-4A72-9939-2588588FF585}.Release_DynLib|Win32.ActiveCfg = Release_DynLib|Win32
		{54915473-0627-4A72-9939-2588588FF585}.Release_DynLib|Win32.Build.0 = Release_DynLib|Win32
		{54915473-0627-4A72-9939-2588588FF585}.Release_DynLib|x64.ActiveCfg = Release_DynLib|Win32
		{54915473-0627-4A72-9939-2588588FF585}.Release_Static|Win32.ActiveCfg = Release_Static|Win32
		{54915473-0627-4A72-9939-2588588FF585}.Release_Static|Win32.Build.0 = Release_Static|Win32
		{54915473-0627-4A72-9939-2588588FF585}.Release_Static|x64.ActiveCfg = Release_Static|Win32
		{54915473-0627-4A72-9939-2588588FF585}.Release|Win32.ActiveCfg = Release_Static|Win32
		{54915473-0627-4A72-9939-2588588FF585}.Release|Win32.Build.0 = Release_Static|Win32
		{54915473-0627-4A72-9939-2588588FF585}.Release|x64.ActiveCfg = Release_Static|Win32
		{6195F83F-DE75-44EC-A53B-265FE3711FA1}.Debug|Win32.ActiveCfg = Debug|Win32
		{6195F83F-DE75-44EC-A53B-265FE3711FA1}.Debug|Win32.Build.0 = Debug|Win32
		{6195F83F-DE75-44EC-A53B-265FE3711FA1}.Debug|x64.ActiveCfg = Debug|Win32
		{6195F83F-DE75-44EC-A53B-265FE3711FA1}.Release_DynLib|Win32.ActiveCfg = Release_Static|Win32
		{6195F83F-DE75-44EC-A53B-265FE3711FA1}.Release_DynLib|x64.ActiveCfg = Release_Static|Win32
		{6195F83F-DE75-44EC-A53B-265FE3711FA1}.Release_Static|Win32.ActiveCfg = Release_Static|Win32
		{6195F83F-DE75-44EC-A53B-265FE3711FA1}.Release_Static|Win32.Build.0 = Release_Static|Win32
		{6195F83F-DE75-44EC-A53B-265FE3711FA1}.Release_Static|x64.ActiveCfg = Release_Static|Win32
		{6195F83F-DE75-44EC-A53B-265FE3711FA1}.Release|Win32.ActiveCfg = Release_Static|Win32
		{6195F83F-DE75-44EC-A53B-265FE3711FA1}.Release|Win32.Build.0 = Release_Static|Win32
		{6195F83F-DE75-44EC-A53B-265FE3711FA1}.Release|x64.ActiveCfg = Release_Static|Win32
		{B87E9487-0D55-4B74-B0B8-B69A03F9F544}.Debug|Win32.ActiveCfg = Debug|Win32
		{B87E9487-0D55-4B74-B0B8-B69A03F9F544}.Debug|Win32.Build.0 = Debug|Win32
		{B87E9487-0D55-4B74-B0B8-B69A03F9F544}.Debug|x64.ActiveCfg = Debug|Win32
		{B87E9487-0D55-4B74-B0B8-B69A03F9F544}.Release_DynLib|Win32.ActiveCfg = Release_DynLib|Win32
		{B87E9487-0D55-4B74-B0B8-B69A03F9F544}.Release_DynLib|Win32.Build.0 = Release_DynLib|Win32
		{B87E9487-0D55-4B74-B0B8-B69A03F9F544}.Release_DynLib|x64.ActiveCfg = Release_DynLib|Win32
		{B87E9487-0D55-4B74-B0B8-B69A03F9F544}.Release_Static|Win32.ActiveCfg = Release_Static|Win32
		{B87E9487-0D55-4B74-B0B8-B69A03F9F544}.Release_Static|Win32.Build.0 = Release_Static|Win32
		{B87E9487-0D55-4B74-B0B8-B69A03F9F544}.Release_Static|x64.ActiveCfg = Release_Static|Win32
		{B87E9487-0D55-4B74-B0B8-B69A03F9F544}.Release|Win32.ActiveCfg = Release_Static|Win32
		{B87E9487-0D55-4B74-B0B8-B69A03F9F544}.Release|Win32.Build.0 = Release_Static|Win32
		{B87E9487-0D55-4B74-B0B8-B69A03F9F544}.Release|x64.ActiveCfg = Release_Static|Win32
		{A834AD24-93AB-4F33-9172-D8F920E58E6C}.Debug|Win32.ActiveCfg = Debug|Win32
		{A834AD24-93AB-4F33-9172-D8F920E58E6C}.Debug|Win32.Build.0 = Debug|Win32
		{A834AD24-93AB-4F33-9172-D8F920E58E6C}.Debug|x64.ActiveCfg = Debug|Win32
		{A834AD24-93AB-4F33-9172-D8F920E58E6C}.Release_DynLib|Win32.ActiveCfg = Release_DynLib|Win32
		{A834AD24-93AB-4F33-9172-D8F920E58E6C}.Release_DynLib|Win32.Build.0 = Release_DynLib|Win32
		{A834AD24-93AB-4F33-9172-D8F920E58E6C}.Release_DynLib|x64.ActiveCfg = Release_DynLib|Win32
		{A834AD24-93AB-4F33-9172-D8F920E58E6C}.Release_Static|Win32.ActiveCfg = Release_Static|Win32
		{A834AD24-93AB-4F33-9172-D8F920E58E6C}.Release_Static|Win32.Build.0 = Release_Static|Win32
		{A834AD24-93AB-4F33-9172-D8F920E58E6C}.Release_Static|x64.ActiveCfg = Release_Static|Win32
		{A834AD24-93AB-4F33-9172-D8F920E58E6C}.Release|Win32.ActiveCfg = Release_Static|Win32
		{A834AD24-93AB-4F33-9172-D8F920E58E6C}.Release|Win32.Build.0 = Release_Static|Win32
		{A834AD24-93AB-4F33-9172-D8F920E58E6C}.Release|x64.ActiveCfg = Release_Static|Win32
		{B7A302BD-C02D-4BB3-B6D5-B2CBEE6881BF}.Debug|Win32.ActiveCfg = Debug|Win32
		{B7A302BD-C02D-4BB3-B6D5-B2CBEE6881BF}.Debug|Win32.Build.0 = Debug|Win32
		{B7A302BD-C02D-4BB3-B6D5-B2CBEE6881BF}.Debug|x64.ActiveCfg = Debug|Win32
		{B7A302BD-C02D-4BB3-B6D5-B2CBEE6881BF}.Release_DynLib|Win32.ActiveCfg = Release_DynLib|Win32
		{B7A302BD-C02D-4BB3-B6D5-B2CBEE6881BF}.Release_DynLib|Win32.Build.0 = Release_DynLib|Win32
		{B7A302BD-C02D-4BB3-B6D5-B2CBEE6881BF}.Release_DynLib|x64.ActiveCfg = Release_DynLib|Win32
		{B7A302BD-C02D-4BB3-B6D5-B2CBEE6881BF}.Release_Static|Win32.ActiveCfg = Release_Static|Win32
		{B7A302BD-C02D-4BB3-B6D5-B2CBEE6881BF}.Release_Static|Win32.Build.0 = Release_Static|Win32
		{B7A302BD-C02D-4BB3-B6D5-B2CBEE6881BF}.Release_Static|x64.ActiveCfg = Release_Static|Win32
		{B7A302BD-C02D-4BB3-B6D5-B2CBEE6881BF}.Release|Win32.ActiveCfg = Release_Static|Win32
		{B7A302BD-C02D-4BB3-B6D5-B2CBEE6881BF}.Release|Win32.Build.0 = Release_Static|Win32
		{B7A302BD-C02D-4BB3-B6D5-B2CBEE6881BF}.Release|x64.ActiveCfg = Release_Static|Win32
		{BB441C8F-5157-43A9-B180-DFA4207ADC37}.Debug|Win32.ActiveCfg = Debug|Win32
		{BB441C8F-5157-43A9-B180-DFA4207ADC37}.Debug|Win32.Build.0 = Debug|Win32
		{BB441C8F-5157-43A9-B180-DFA4207ADC37}.Debug|x64.ActiveCfg = Debug|Win32
		{BB441C8F-5157-43A9-B180-DFA4207ADC37}.Release_DynLib|Win32.ActiveCfg = Release_DynLib|Win32
		{BB441C8F-5157-43A9-B180-DFA4207ADC37}.Release_DynLib|Win32.Build.0 = Release_DynLib|Win32
		{BB441C8F-5157-43A9-B180-DFA4207ADC37}.Release_DynLib|x64.ActiveCfg = Release_DynLib|Win32
		{BB441C8F-5157-43A9-B180-DFA4207ADC37}.Release_Static|Win32.ActiveCfg = Release_Static|Win32
		{BB441C8F-5157-43A9-B180-DFA4207ADC37}.Release_Static|Win32.Build.0 = Release_Static|Win32
		{BB441C8F-5157-43A9-B180-DFA4207ADC37}.Release_Static|x64.ActiveCfg = Release_Static|Win32
		{BB441C8F-5157-43A9-B180-DFA4207ADC37}.Release|Win32.ActiveCfg = Release_Static|Win32
		{BB441C8F-5157-43A9-B180-DFA4207ADC37}.Release|Win32.Build.0 = Release_Static|Win32
		{BB441C8F-5157-43A9-B180-DFA4207ADC37}.Release|x64.ActiveCfg = Release_Static|Win32
		{5BE097D4-AA3A-41C9-B58F-EF4627B13806}.Debug|Win32.ActiveCfg = Debug|Win32
		{5BE097D4-AA3A-41C9-B58F-EF4627B13806}.Debug|Win32.Build.0 = Debug|Win32
		{5BE097D4-AA3A-41C9-B58F-EF4627B13806}.Debug|x64.ActiveCfg = Debug|Win32
		{5BE097D4-AA3A-41C9-B58F-EF4627B13806}.Release_DynLib|Win32.ActiveCfg = Release_DynLib|Win32
		{5BE097D4-AA3A-41C9-B58F-EF4627B13806}.Release_DynLib|Win32.Build.0 = Release_DynLib|Win32
		{5BE097D4-AA3A-41C9-B58F-EF4627B13806}.Release_DynLib|x64.ActiveCfg = Release_DynLib|Win32
		{5BE097D4-AA3A-41C9-B58F-EF4627B13806}.Release_Static|Win32.ActiveCfg = Release_Static|Win32
		{5BE097D4-AA3A-41C9-B58F-EF4627B13806}.Release_Static|Win32.Build.0 = Release_Static|Win32
		{5BE097D4-AA3A-41C9-B58F-EF4627B13806}.Release_Static|x64.ActiveCfg = Release_Static|Win32
		{5BE097D4-AA3A-41C9-B58F-EF4627B13806}.Release|Win32.ActiveCfg = Release_Static|Win32
		{5BE097D4-AA3A-41C9-B58F-EF4627B13806}.Release|Win32.Build.0 = Release_Static|Win32
		{5BE097D4-AA3A-41C9-B58F-EF4627B13806}.Release|x64.ActiveCfg = Release_Static|Win32
		{4ECF9A4B-40A2-458D-BCDB-B48440527408}.Debug|Win32.ActiveCfg = Debug|Win32
		{4ECF9A4B-40A2-458D-BCDB-B48440527408}.Debug|Win32.Build.0 = Debug|Win32
		{4ECF9A4B-40A2-458D-BCDB-B48440527408}.Debug|x64.ActiveCfg = Debug|Win32
		{4ECF9A4B-40A2-458D-BCDB-B48440527408}.Release_DynLib|Win32.ActiveCfg = Release|Win32
		{4ECF9A4B-40A2-458D-BCDB-B48440527408}.Release_DynLib|Win32.Build.0 = Release|Win32
		{4ECF9A4B-40A2-458D-BCDB-B48440527408}.Release_DynLib|x64.ActiveCfg = Release|Win32
		{4ECF9A4B-40A2-458D-BCDB-B48440527408}.Release_Static|Win32.ActiveCfg = Release|Win32
		{4ECF9A4B-40A2-458D-BCDB-B48440527408}.Release_Static|Win32.Build.0 = Release|Win32
		{4ECF9A4B-40A2-458D-BCDB-B48440527408}.Release_Static|x64.ActiveCfg = Release|Win32
		{4ECF9A4B-40A2-458D-BCDB-B48440527408}.Release|Win32.ActiveCfg = Release|Win32
		{4ECF9A4B-40A2-458D-BCDB-B48440527408}.Release|Win32.Build.0 = Release|Win32
		{4ECF9A4B-40A2-458D-BCDB-B48440527408}.Release|x64.ActiveCfg = Release|Win32
		{881548E3-B5CD-43EA-85DC-1A93C9E38D14}.Debug|Win32.ActiveCfg = Debug|Win32
		{881548E3-B5CD-43EA-85DC-1A93C9E38D14}.Debug|Win32.Build.0 = Debug|Win32
		{881548E3-B5CD-43EA-85DC-1A93C9E38D14}.Debug|x64.ActiveCfg = Debug|Win32
		{881548E3-B5CD-43EA-85DC-1A93C9E38D14}.Release_DynLib|Win32.ActiveCfg = Release_DynLib|Win32
		{881548E3-B5CD-43EA-85DC-1A93C9E38D14}.Release_DynLib|Win32.Build.0 = Release_DynLib|Win32
		{881548E3-B5CD-43EA-85DC-1A93C9E38D14}.Release_DynLib|x64.ActiveCfg = Release_Static|Win32
		{881548E3-B5CD-43EA-85DC-1A93C9E38D14}.Release_Static|Win32.ActiveCfg = Release_Static|Win32
		{881548E3-B5CD-43EA-85DC-1A93C9E38D14}.Release_Static|Win32.Build.0 = Release_Static|Win32
		{881548E3-B5CD-43EA-85DC-1A93C9E38D14}.Release_Static|x64.ActiveCfg = Release_Static|Win32
		{881548E3-B5CD-43EA-85DC-1A93C9E38D14}.Release|Win32.ActiveCfg = Release_DynLib|Win32
		{881548E3-B5CD-43EA-85DC-1A93C9E38D14}.Release|Win32.Build.0 = Release_DynLib|Win32
		{881548E3-B5CD-43EA-85DC-1A93C9E38D14}.Release|x64.ActiveCfg = Release_DynLib|Win32
	EndGlobalSection
	GlobalSection(SolutionProperties) = preSolution
		HideSolutionNode = FALSE
	EndGlobalSection
	GlobalSection(NestedProjects) = preSolution
		{6195F83F-DE75-44EC-A53B-265FE3711FA1} = {E38C5C50-5DA2-4675-B6A6-01FDE0512B9A}
		{B7A302BD-C02D-4BB3-B6D5-B2CBEE6881BF} = {967EA61A-D303-411C-9D65-6CB72489F5CE}
		{5BE097D4-AA3A-41C9-B58F-EF4627B13806} = {967EA61A-D303-411C-9D65-6CB72489F5CE}
		{881548E3-B5CD-43EA-85DC-1A93C9E38D14} = {967EA61A-D303-411C-9D65-6CB72489F5CE}
	EndGlobalSection
EndGlobal
