<?xml version="1.0" encoding="utf-8"?>
<Project ToolsVersion="4.0" xmlns="http://schemas.microsoft.com/developer/msbuild/2003">
  <ItemGroup>
    <Filter Include="源文件">
      <UniqueIdentifier>{4FC737F1-C7A5-4376-A066-2A32D752A2FF}</UniqueIdentifier>
      <Extensions>cpp;c;cc;cxx;def;odl;idl;hpj;bat;asm;asmx</Extensions>
    </Filter>
    <Filter Include="头文件">
      <UniqueIdentifier>{93995380-89BD-4b04-88EB-625FBE52EBFB}</UniqueIdentifier>
      <Extensions>h;hpp;hxx;hm;inl;inc;xsd</Extensions>
    </Filter>
    <Filter Include="资源文件">
      <UniqueIdentifier>{67DA6AB6-F800-4c08-8B7A-83BB121AAD01}</UniqueIdentifier>
      <Extensions>rc;ico;cur;bmp;dlg;rc2;rct;bin;rgs;gif;jpg;jpeg;jpe;resx;tiff;tif;png;wav;mfcribbon-ms</Extensions>
    </Filter>
  </ItemGroup>
  <ItemGroup>
    <None Include="ReadMe.txt" />
  </ItemGroup>
  <ItemGroup>
    <ClInclude Include="stdafx.h">
      <Filter>头文件</Filter>
    </ClInclude>
    <ClInclude Include="targetver.h">
      <Filter>头文件</Filter>
    </ClInclude>
    <ClInclude Include="APBCommon.h">
      <Filter>头文件</Filter>
    </ClInclude>
    <ClInclude Include="TextureBuild\TextureBuild.h">
      <Filter>头文件</Filter>
    </ClInclude>
    <ClInclude Include="BuildEngine.h">
      <Filter>头文件</Filter>
    </ClInclude>
    <ClInclude Include="FontBuild\FontBuild.h">
      <Filter>头文件</Filter>
    </ClInclude>
    <ClInclude Include="MeshBuild\MeshBuild.h">
      <Filter>头文件</Filter>
    </ClInclude>
    <ClInclude Include="CompileLog.h">
      <Filter>头文件</Filter>
    </ClInclude>
    <ClInclude Include="MeshBuild\FbxBaker.h">
      <Filter>头文件</Filter>
    </ClInclude>
    <ClInclude Include="D3DHelper.h">
      <Filter>头文件</Filter>
    </ClInclude>
    <ClInclude Include="BuildConfig.h">
      <Filter>头文件</Filter>
    </ClInclude>
    <ClInclude Include="MeshBuild\FbxImporter.h">
      <Filter>头文件</Filter>
    </ClInclude>
    <ClInclude Include="MeshBuild\AIImporter.h">
      <Filter>头文件</Filter>
    </ClInclude>
    <ClInclude Include="ErrorCode.h">
      <Filter>头文件</Filter>
    </ClInclude>
    <ClInclude Include="PakBuild\PakBuild.h">
      <Filter>头文件</Filter>
    </ClInclude>
    <ClInclude Include="EffectCompiler\AFXBuild.h">
      <Filter>头文件</Filter>
    </ClInclude>
  </ItemGroup>
  <ItemGroup>
    <ClCompile Include="stdafx.cpp">
      <Filter>源文件</Filter>
    </ClCompile>
    <ClCompile Include="TextureBuild\TextureBuild.cpp">
      <Filter>源文件</Filter>
    </ClCompile>
    <ClCompile Include="APBCommon.cpp">
      <Filter>源文件</Filter>
    </ClCompile>
    <ClCompile Include="BuildEngine.cpp">
      <Filter>源文件</Filter>
    </ClCompile>
    <ClCompile Include="FontBuild\FontBuild.cpp">
      <Filter>源文件</Filter>
    </ClCompile>
    <ClCompile Include="MeshBuild\MeshBuild.cpp">
      <Filter>源文件</Filter>
    </ClCompile>
    <ClCompile Include="CompileLog.cpp">
      <Filter>源文件</Filter>
    </ClCompile>
    <ClCompile Include="MeshBuild\FbxBaker.cpp">
      <Filter>源文件</Filter>
    </ClCompile>
    <ClCompile Include="D3DHelper.cpp">
      <Filter>源文件</Filter>
    </ClCompile>
    <ClCompile Include="BuildConfig.cpp">
      <Filter>源文件</Filter>
    </ClCompile>
    <ClCompile Include="MeshBuild\FbxImporter.cpp">
      <Filter>源文件</Filter>
    </ClCompile>
    <ClCompile Include="MeshBuild\AIImporter.cpp">
      <Filter>源文件</Filter>
    </ClCompile>
    <ClCompile Include="main.cpp">
      <Filter>源文件</Filter>
    </ClCompile>
    <ClCompile Include="PakBuild\PakBuild.cpp">
      <Filter>源文件</Filter>
    </ClCompile>
    <ClCompile Include="EffectCompiler\AFXBuild.cpp">
      <Filter>源文件</Filter>
    </ClCompile>
  </ItemGroup>
</Project>