<?xml version="1.0" encoding="utf-8"?>
<Project ToolsVersion="4.0" xmlns="http://schemas.microsoft.com/developer/msbuild/2003">
  <ItemGroup>
    <Filter Include="Source Files">
      <UniqueIdentifier>{4FC737F1-C7A5-4376-A066-2A32D752A2FF}</UniqueIdentifier>
      <Extensions>cpp;c;cc;cxx;def;odl;idl;hpj;bat;asm;asmx</Extensions>
    </Filter>
    <Filter Include="Header Files">
      <UniqueIdentifier>{93995380-89BD-4b04-88EB-625FBE52EBFB}</UniqueIdentifier>
      <Extensions>h;hpp;hxx;hm;inl;inc;xsd</Extensions>
    </Filter>
    <Filter Include="Resource Files">
      <UniqueIdentifier>{67DA6AB6-F800-4c08-8B7A-83BB121AAD01}</UniqueIdentifier>
      <Extensions>rc;ico;cur;bmp;dlg;rc2;rct;bin;rgs;gif;jpg;jpeg;jpe;resx;tiff;tif;png;wav;mfcribbon-ms</Extensions>
    </Filter>
  </ItemGroup>
  <ItemGroup>
    <ClInclude Include="Common.h">
      <Filter>Header Files</Filter>
    </ClInclude>
    <ClInclude Include="nedmalloc\malloc.c">
      <Filter>Header Files</Filter>
    </ClInclude>
    <ClInclude Include="Scene\SceneObject.h">
      <Filter>Header Files</Filter>
    </ClInclude>
    <ClInclude Include="Scene\SceneManager.h">
      <Filter>Header Files</Filter>
    </ClInclude>
    <ClInclude Include="Scene\SceneNode.h">
      <Filter>Header Files</Filter>
    </ClInclude>
    <ClInclude Include="Graphics\GeometryData.h">
      <Filter>Header Files</Filter>
    </ClInclude>
    <ClInclude Include="Graphics\Material.h">
      <Filter>Header Files</Filter>
    </ClInclude>
    <ClInclude Include="Graphics\RenderOperation.h">
      <Filter>Header Files</Filter>
    </ClInclude>
    <ClInclude Include="Graphics\RenderOperationBuffer.h">
      <Filter>Header Files</Filter>
    </ClInclude>
    <ClInclude Include="Core\HashHandleObject.h">
      <Filter>Header Files</Filter>
    </ClInclude>
    <ClInclude Include="FastDelegate\FastDelegate.h">
      <Filter>Header Files</Filter>
    </ClInclude>
    <ClInclude Include="FastDelegate\FastDelegateBind.h">
      <Filter>Header Files</Filter>
    </ClInclude>
    <ClInclude Include="Scene\SimpleSceneManager.h">
      <Filter>Header Files</Filter>
    </ClInclude>
    <ClInclude Include="Graphics\Mesh.h">
      <Filter>Header Files</Filter>
    </ClInclude>
    <ClInclude Include="Graphics\Model.h">
      <Filter>Header Files</Filter>
    </ClInclude>
    <ClInclude Include="Core\Singleton.h">
      <Filter>Header Files</Filter>
    </ClInclude>
    <ClInclude Include="Graphics\Renderable.h">
      <Filter>Header Files</Filter>
    </ClInclude>
    <ClInclude Include="Graphics\TextureManager.h">
      <Filter>Header Files</Filter>
    </ClInclude>
    <ClInclude Include="Graphics\RenderSystem\Buffer\HardwareBuffer.h">
      <Filter>Header Files</Filter>
    </ClInclude>
    <ClInclude Include="Core\GameTime.h">
      <Filter>Header Files</Filter>
    </ClInclude>
    <ClInclude Include="Core\CoreCommon.h">
      <Filter>Header Files</Filter>
    </ClInclude>
    <ClInclude Include="Vfs\Archive.h">
      <Filter>Header Files</Filter>
    </ClInclude>
    <ClInclude Include="Vfs\VFSCommon.h">
      <Filter>Header Files</Filter>
    </ClInclude>
    <ClInclude Include="Vfs\PathUtils.h">
      <Filter>Header Files</Filter>
    </ClInclude>
    <ClInclude Include="Math\Matrix.h">
      <Filter>Header Files</Filter>
    </ClInclude>
    <ClInclude Include="Math\Color.h">
      <Filter>Header Files</Filter>
    </ClInclude>
    <ClInclude Include="Math\Rectangle.h">
      <Filter>Header Files</Filter>
    </ClInclude>
    <ClInclude Include="Math\Point.h">
      <Filter>Header Files</Filter>
    </ClInclude>
    <ClInclude Include="Graphics\GraphicsCommon.h">
      <Filter>Header Files</Filter>
    </ClInclude>
    <ClInclude Include="Graphics\PixelFormat.h">
      <Filter>Header Files</Filter>
    </ClInclude>
    <ClInclude Include="Graphics\RenderSystem\Texture.h">
      <Filter>Header Files</Filter>
    </ClInclude>
    <ClInclude Include="Graphics\RenderSystem\VertexDeclaration.h">
      <Filter>Header Files</Filter>
    </ClInclude>
    <ClInclude Include="Graphics\RenderSystem\VertexElement.h">
      <Filter>Header Files</Filter>
    </ClInclude>
    <ClInclude Include="Graphics\RenderSystem\RenderWindowHandler.h">
      <Filter>Header Files</Filter>
    </ClInclude>
    <ClInclude Include="Graphics\RenderSystem\RenderWindow.h">
      <Filter>Header Files</Filter>
    </ClInclude>
    <ClInclude Include="Graphics\RenderSystem\RenderDevice.h">
      <Filter>Header Files</Filter>
    </ClInclude>
    <ClInclude Include="Graphics\RenderSystem\Shader.h">
      <Filter>Header Files</Filter>
    </ClInclude>
    <ClInclude Include="Platform\Library.h">
      <Filter>Header Files</Filter>
    </ClInclude>
    <ClInclude Include="Math\Math.h">
      <Filter>Header Files</Filter>
    </ClInclude>
    <ClInclude Include="Math\Half.h">
      <Filter>Header Files</Filter>
    </ClInclude>
    <ClInclude Include="Math\Plane.h">
      <Filter>Header Files</Filter>
    </ClInclude>
    <ClInclude Include="Math\Vector.h">
      <Filter>Header Files</Filter>
    </ClInclude>
    <ClInclude Include="Math\BoundingSphere.h">
      <Filter>Header Files</Filter>
    </ClInclude>
    <ClInclude Include="Math\BoundingBox.h">
      <Filter>Header Files</Filter>
    </ClInclude>
    <ClInclude Include="Math\Ray.h">
      <Filter>Header Files</Filter>
    </ClInclude>
    <ClInclude Include="Math\Quaternion.h">
      <Filter>Header Files</Filter>
    </ClInclude>
    <ClInclude Include="Math\MathCommon.h">
      <Filter>Header Files</Filter>
    </ClInclude>
    <ClInclude Include="Graphics\RenderSystem\GraphicsAPI.h">
      <Filter>Header Files</Filter>
    </ClInclude>
    <ClInclude Include="Graphics\RenderSystem\RenderStateManager.h">
      <Filter>Header Files</Filter>
    </ClInclude>
    <ClInclude Include="Math\Viewport.h">
      <Filter>Header Files</Filter>
    </ClInclude>
    <ClInclude Include="core\resource.h">
      <Filter>Header Files</Filter>
    </ClInclude>
    <ClInclude Include="core\streaming\asyncprocessor.h">
      <Filter>Header Files</Filter>
    </ClInclude>
    <ClInclude Include="Math\Frustum.h">
      <Filter>Header Files</Filter>
    </ClInclude>
    <ClInclude Include="Graphics\Camera.h">
      <Filter>Header Files</Filter>
    </ClInclude>
    <ClInclude Include="Vfs\ResourceLocation.h">
      <Filter>Header Files</Filter>
    </ClInclude>
    <ClInclude Include="Utility\StringUtils.h">
      <Filter>Header Files</Filter>
    </ClInclude>
    <ClInclude Include="Utility\StringTable.h">
      <Filter>Header Files</Filter>
    </ClInclude>
    <ClInclude Include="Graphics\EffectSystem\EffectParameter.h">
      <Filter>Header Files</Filter>
    </ClInclude>
    <ClInclude Include="Graphics\EffectSystem\Effect.h">
      <Filter>Header Files</Filter>
    </ClInclude>
    <ClInclude Include="Graphics\EffectSystem\EffectManager.h">
      <Filter>Header Files</Filter>
    </ClInclude>
    <ClInclude Include="Config\ConfigurationManager.h">
      <Filter>Header Files</Filter>
    </ClInclude>
    <ClInclude Include="Config\Configuration.h">
      <Filter>Header Files</Filter>
    </ClInclude>
    <ClInclude Include="Config\Configurable.h">
      <Filter>Header Files</Filter>
    </ClInclude>
    <ClInclude Include="Config\ConfigurationSection.h">
      <Filter>Header Files</Filter>
    </ClInclude>
    <ClInclude Include="Math\ColorValue.h">
      <Filter>Header Files</Filter>
    </ClInclude>
    <ClInclude Include="Math\RandomUtils.h">
      <Filter>Header Files</Filter>
    </ClInclude>
    <ClInclude Include="Math\PerlinNoise.h">
      <Filter>Header Files</Filter>
    </ClInclude>
    <ClInclude Include="Core\IHashed.h">
      <Filter>Header Files</Filter>
    </ClInclude>
    <ClInclude Include="Vfs\FileSystem.h">
      <Filter>Header Files</Filter>
    </ClInclude>
    <ClInclude Include="Vfs\File.h">
      <Filter>Header Files</Filter>
    </ClInclude>
    <ClInclude Include="Vfs\FileLocateRule.h">
      <Filter>Header Files</Filter>
    </ClInclude>
    <ClInclude Include="Graphics\LockData.h">
      <Filter>Header Files</Filter>
    </ClInclude>
    <ClInclude Include="Math\Box.h">
      <Filter>Header Files</Filter>
    </ClInclude>
    <ClInclude Include="Core\ResourceManager.h">
      <Filter>Header Files</Filter>
    </ClInclude>
    <ClInclude Include="Graphics\RenderSystem\RenderTarget.h">
      <Filter>Header Files</Filter>
    </ClInclude>
    <ClInclude Include="Core\PluginManager.h">
      <Filter>Header Files</Filter>
    </ClInclude>
    <ClInclude Include="Core\Plugin.h">
      <Filter>Header Files</Filter>
    </ClInclude>
    <ClInclude Include="Engine.h">
      <Filter>Header Files</Filter>
    </ClInclude>
    <ClInclude Include="Scene\SceneRenderer.h">
      <Filter>Header Files</Filter>
    </ClInclude>
    <ClInclude Include="Scene\SceneProcedure.h">
      <Filter>Header Files</Filter>
    </ClInclude>
    <ClInclude Include="Scene\ScenePass.h">
      <Filter>Header Files</Filter>
    </ClInclude>
    <ClInclude Include="Core\Logging.h">
      <Filter>Header Files</Filter>
    </ClInclude>
    <ClInclude Include="Core\ResourceHandle.h">
      <Filter>Header Files</Filter>
    </ClInclude>
    <ClInclude Include="Graphics\ModelManager.h">
      <Filter>Header Files</Filter>
    </ClInclude>
    <ClInclude Include="Graphics\MaterialTypes.h">
      <Filter>Header Files</Filter>
    </ClInclude>
    <ClInclude Include="Graphics\ModelTypes.h">
      <Filter>Header Files</Filter>
    </ClInclude>
    <ClInclude Include="Graphics\Animation\AnimationData.h">
      <Filter>Header Files</Filter>
    </ClInclude>
    <ClInclude Include="Graphics\Animation\AnimationTypes.h">
      <Filter>Header Files</Filter>
    </ClInclude>
    <ClInclude Include="Graphics\Patch.h">
      <Filter>Header Files</Filter>
    </ClInclude>
    <ClInclude Include="Collections\ExistTable.h">
      <Filter>Header Files</Filter>
    </ClInclude>
    <ClInclude Include="Collections\CollectionsCommon.h">
      <Filter>Header Files</Filter>
    </ClInclude>
    <ClInclude Include="Graphics\Animation\AnimationPlayers.h">
      <Filter>Header Files</Filter>
    </ClInclude>
    <ClInclude Include="Platform\Thread.h">
      <Filter>Header Files</Filter>
    </ClInclude>
    <ClInclude Include="Graphics\Animation\AnimationManager.h">
      <Filter>Header Files</Filter>
    </ClInclude>
    <ClInclude Include="Graphics\MeshSimplifier.h">
      <Filter>Header Files</Filter>
    </ClInclude>
    <ClInclude Include="Graphics\VertexFormats.h">
      <Filter>Header Files</Filter>
    </ClInclude>
    <ClInclude Include="Scene\SceneRenderScriptParser.h">
      <Filter>Header Files</Filter>
    </ClInclude>
    <ClInclude Include="Collections\Stack.h">
      <Filter>Header Files</Filter>
    </ClInclude>
    <ClInclude Include="Scene\ScenePassTypes.h">
      <Filter>Header Files</Filter>
    </ClInclude>
    <ClInclude Include="IOLib\BinaryReader.h">
      <Filter>Header Files</Filter>
    </ClInclude>
    <ClInclude Include="IOLib\TextureData.h">
      <Filter>Header Files</Filter>
    </ClInclude>
    <ClInclude Include="IOLib\BinaryWriter.h">
      <Filter>Header Files</Filter>
    </ClInclude>
    <ClInclude Include="IOLib\IOUtils.h">
      <Filter>Header Files</Filter>
    </ClInclude>
    <ClInclude Include="IOLib\MaterialData.h">
      <Filter>Header Files</Filter>
    </ClInclude>
    <ClInclude Include="IOLib\ModelData.h">
      <Filter>Header Files</Filter>
    </ClInclude>
    <ClInclude Include="IOLib\PatchData.h">
      <Filter>Header Files</Filter>
    </ClInclude>
    <ClInclude Include="IOLib\Streams.h">
      <Filter>Header Files</Filter>
    </ClInclude>
    <ClInclude Include="IOLib\TaggedData.h">
      <Filter>Header Files</Filter>
    </ClInclude>
    <ClInclude Include="UILib\Button.h">
      <Filter>Header Files</Filter>
    </ClInclude>
    <ClInclude Include="UILib\Control.h">
      <Filter>Header Files</Filter>
    </ClInclude>
    <ClInclude Include="UILib\FontManager.h">
      <Filter>Header Files</Filter>
    </ClInclude>
    <ClInclude Include="Graphics\RenderSystem\Sprite.h">
      <Filter>Header Files</Filter>
    </ClInclude>
    <ClInclude Include="UILib\StyleSkin.h">
      <Filter>Header Files</Filter>
    </ClInclude>
    <ClInclude Include="UILib\UICommon.h">
      <Filter>Header Files</Filter>
    </ClInclude>
    <ClInclude Include="Input\InputAPI.h">
      <Filter>Header Files</Filter>
    </ClInclude>
    <ClInclude Include="Platform\API.h">
      <Filter>Header Files</Filter>
    </ClInclude>
    <ClInclude Include="Input\Mouse.h">
      <Filter>Header Files</Filter>
    </ClInclude>
    <ClInclude Include="Input\Keyboard.h">
      <Filter>Header Files</Filter>
    </ClInclude>
    <ClInclude Include="UILib\Menu.h">
      <Filter>Header Files</Filter>
    </ClInclude>
    <ClInclude Include="UILib\KeyboardHelper.h">
      <Filter>Header Files</Filter>
    </ClInclude>
    <ClInclude Include="UILib\Form.h">
      <Filter>Header Files</Filter>
    </ClInclude>
    <ClInclude Include="IOLib\EffectData.h">
      <Filter>Header Files</Filter>
    </ClInclude>
    <ClInclude Include="UILib\Label.h">
      <Filter>Header Files</Filter>
    </ClInclude>
    <ClInclude Include="Project\Project.h">
      <Filter>Header Files</Filter>
    </ClInclude>
    <ClInclude Include="UILib\PictureBox.h">
      <Filter>Header Files</Filter>
    </ClInclude>
    <ClInclude Include="UILib\List.h">
      <Filter>Header Files</Filter>
    </ClInclude>
    <ClInclude Include="UILib\Scrollbar.h">
      <Filter>Header Files</Filter>
    </ClInclude>
    <ClInclude Include="UILib\ComboBox.h">
      <Filter>Header Files</Filter>
    </ClInclude>
    <ClInclude Include="UILib\CheckBox.h">
      <Filter>Header Files</Filter>
    </ClInclude>
    <ClInclude Include="UILib\Console.h">
      <Filter>Header Files</Filter>
    </ClInclude>
    <ClInclude Include="Collections\List2D.h">
      <Filter>Header Files</Filter>
    </ClInclude>
    <ClInclude Include="Graphics\ParticleSettings.h">
      <Filter>Header Files</Filter>
    </ClInclude>
    <ClInclude Include="Graphics\ParticleSystem.h">
      <Filter>Header Files</Filter>
    </ClInclude>
    <ClInclude Include="Math\GaussBlurFilter.h">
      <Filter>Header Files</Filter>
    </ClInclude>
    <ClInclude Include="Core\Streaming\GenerationTable.h">
      <Filter>Header Files</Filter>
    </ClInclude>
    <ClInclude Include="Graphics\BatchModelBuilder.h">
      <Filter>Header Files</Filter>
    </ClInclude>
    <ClInclude Include="Scene\OctreeSceneManager.h">
      <Filter>Header Files</Filter>
    </ClInclude>
    <ClInclude Include="Math\OctreeBox.h">
      <Filter>Header Files</Filter>
    </ClInclude>
    <ClInclude Include="Graphics\RenderSystem\InstancingData.h">
      <Filter>Header Files</Filter>
    </ClInclude>
    <ClInclude Include="Config\ABCConfigurationFormat.h">
      <Filter>Header Files</Filter>
    </ClInclude>
    <ClInclude Include="Config\XmlConfigurationFormat.h">
      <Filter>Header Files</Filter>
    </ClInclude>
    <ClInclude Include="tinyxml.h">
      <Filter>Header Files</Filter>
    </ClInclude>
    <ClInclude Include="Graphics\RenderSystem\DeviceContext.h">
      <Filter>Header Files</Filter>
    </ClInclude>
    <ClInclude Include="Collections\EnumConverterHelper.h">
      <Filter>Header Files</Filter>
    </ClInclude>
    <ClInclude Include="Core\CommandInterpreter.h">
      <Filter>Header Files</Filter>
    </ClInclude>
    <ClInclude Include="Collections\LinkedList.h">
      <Filter>Header Files</Filter>
    </ClInclude>
    <ClInclude Include="Collections\List.h">
      <Filter>Header Files</Filter>
    </ClInclude>
    <ClInclude Include="Collections\HashMap.h">
      <Filter>Header Files</Filter>
    </ClInclude>
    <ClInclude Include="Collections\Queue.h">
      <Filter>Header Files</Filter>
    </ClInclude>
    <ClInclude Include="Utility\Compression.h">
      <Filter>Header Files</Filter>
    </ClInclude>
    <ClInclude Include="tinythread.h">
      <Filter>Header Files</Filter>
    </ClInclude>
    <ClInclude Include="ApocString.h">
      <Filter>Header Files</Filter>
    </ClInclude>
    <ClInclude Include="ApocException.h">
      <Filter>Header Files</Filter>
    </ClInclude>
    <ClInclude Include="EventDelegate.h">
      <Filter>Header Files</Filter>
    </ClInclude>
    <ClInclude Include="ApocExportSettings.h">
      <Filter>Header Files</Filter>
    </ClInclude>
    <ClInclude Include="UILib\Dialogs.h">
      <Filter>Header Files</Filter>
    </ClInclude>
    <ClInclude Include="Math\sse_functions.h">
      <Filter>Header Files</Filter>
    </ClInclude>
    <ClInclude Include="Utility\Hash.h">
      <Filter>Header Files</Filter>
    </ClInclude>
  </ItemGroup>
  <ItemGroup>
    <ClCompile Include="Common.cpp">
      <Filter>Source Files</Filter>
    </ClCompile>
    <ClCompile Include="Scene\SceneManager.cpp">
      <Filter>Source Files</Filter>
    </ClCompile>
    <ClCompile Include="Scene\SceneNode.cpp">
      <Filter>Source Files</Filter>
    </ClCompile>
    <ClCompile Include="Scene\SceneObject.cpp">
      <Filter>Source Files</Filter>
    </ClCompile>
    <ClCompile Include="Graphics\Material.cpp">
      <Filter>Source Files</Filter>
    </ClCompile>
    <ClCompile Include="Scene\SimpleSceneManager.cpp">
      <Filter>Source Files</Filter>
    </ClCompile>
    <ClCompile Include="Graphics\Mesh.cpp">
      <Filter>Source Files</Filter>
    </ClCompile>
    <ClCompile Include="Graphics\Model.cpp">
      <Filter>Source Files</Filter>
    </ClCompile>
    <ClCompile Include="Graphics\TextureManager.cpp">
      <Filter>Source Files</Filter>
    </ClCompile>
    <ClCompile Include="Vfs\PathUtils.cpp">
      <Filter>Source Files</Filter>
    </ClCompile>
    <ClCompile Include="Math\Matrix.cpp">
      <Filter>Source Files</Filter>
    </ClCompile>
    <ClCompile Include="Math\Math.cpp">
      <Filter>Source Files</Filter>
    </ClCompile>
    <ClCompile Include="Graphics\RenderSystem\Buffer\HardwareBuffer.cpp">
      <Filter>Source Files</Filter>
    </ClCompile>
    <ClCompile Include="Graphics\PixelFormat.cpp">
      <Filter>Source Files</Filter>
    </ClCompile>
    <ClCompile Include="Graphics\RenderSystem\Texture.cpp">
      <Filter>Source Files</Filter>
    </ClCompile>
    <ClCompile Include="Graphics\RenderSystem\RenderWindow.cpp">
      <Filter>Source Files</Filter>
    </ClCompile>
    <ClCompile Include="Platform\Library.cpp">
      <Filter>Source Files</Filter>
    </ClCompile>
    <ClCompile Include="Math\BoundingSphere.cpp">
      <Filter>Source Files</Filter>
    </ClCompile>
    <ClCompile Include="Math\Vector.cpp">
      <Filter>Source Files</Filter>
    </ClCompile>
    <ClCompile Include="Math\Ray.cpp">
      <Filter>Source Files</Filter>
    </ClCompile>
    <ClCompile Include="Math\BoundingBox.cpp">
      <Filter>Source Files</Filter>
    </ClCompile>
    <ClCompile Include="Math\Plane.cpp">
      <Filter>Source Files</Filter>
    </ClCompile>
    <ClCompile Include="Math\Quaternion.cpp">
      <Filter>Source Files</Filter>
    </ClCompile>
    <ClCompile Include="Graphics\RenderSystem\GraphicsAPI.cpp">
      <Filter>Source Files</Filter>
    </ClCompile>
    <ClCompile Include="Math\Viewport.cpp">
      <Filter>Source Files</Filter>
    </ClCompile>
    <ClCompile Include="Core\Resource.cpp">
      <Filter>Source Files</Filter>
    </ClCompile>
    <ClCompile Include="Core\Streaming\AsyncProcessor.cpp">
      <Filter>Source Files</Filter>
    </ClCompile>
    <ClCompile Include="Math\Frustum.cpp">
      <Filter>Source Files</Filter>
    </ClCompile>
    <ClCompile Include="Core\HashHandleObject.cpp">
      <Filter>Source Files</Filter>
    </ClCompile>
    <ClCompile Include="Utility\StringTable.cpp">
      <Filter>Source Files</Filter>
    </ClCompile>
    <ClCompile Include="Utility\StringUtils.cpp">
      <Filter>Source Files</Filter>
    </ClCompile>
    <ClCompile Include="Graphics\EffectSystem\Effect.cpp">
      <Filter>Source Files</Filter>
    </ClCompile>
    <ClCompile Include="Graphics\EffectSystem\EffectManager.cpp">
      <Filter>Source Files</Filter>
    </ClCompile>
    <ClCompile Include="Graphics\EffectSystem\EffectParameter.cpp">
      <Filter>Source Files</Filter>
    </ClCompile>
    <ClCompile Include="Config\ConfigurationManager.cpp">
      <Filter>Source Files</Filter>
    </ClCompile>
    <ClCompile Include="Config\Configuration.cpp">
      <Filter>Source Files</Filter>
    </ClCompile>
    <ClCompile Include="Math\RandomUtils.cpp">
      <Filter>Source Files</Filter>
    </ClCompile>
    <ClCompile Include="Math\PerlinNoise.cpp">
      <Filter>Source Files</Filter>
    </ClCompile>
    <ClCompile Include="Core\IHashed.cpp">
      <Filter>Source Files</Filter>
    </ClCompile>
    <ClCompile Include="Vfs\ResourceLocation.cpp">
      <Filter>Source Files</Filter>
    </ClCompile>
    <ClCompile Include="Vfs\FileSystem.cpp">
      <Filter>Source Files</Filter>
    </ClCompile>
    <ClCompile Include="Vfs\File.cpp">
      <Filter>Source Files</Filter>
    </ClCompile>
    <ClCompile Include="Vfs\FileLocateRule.cpp">
      <Filter>Source Files</Filter>
    </ClCompile>
    <ClCompile Include="Graphics\RenderSystem\VertexDeclaration.cpp">
      <Filter>Source Files</Filter>
    </ClCompile>
    <ClCompile Include="Graphics\RenderSystem\VertexElement.cpp">
      <Filter>Source Files</Filter>
    </ClCompile>
    <ClCompile Include="Graphics\LockData.cpp">
      <Filter>Source Files</Filter>
    </ClCompile>
    <ClCompile Include="Core\ResourceManager.cpp">
      <Filter>Source Files</Filter>
    </ClCompile>
    <ClCompile Include="Graphics\RenderSystem\RenderDevice.cpp">
      <Filter>Source Files</Filter>
    </ClCompile>
    <ClCompile Include="Graphics\RenderSystem\Shader.cpp">
      <Filter>Source Files</Filter>
    </ClCompile>
    <ClCompile Include="Graphics\RenderSystem\RenderStateManager.cpp">
      <Filter>Source Files</Filter>
    </ClCompile>
    <ClCompile Include="Graphics\RenderSystem\RenderTarget.cpp">
      <Filter>Source Files</Filter>
    </ClCompile>
    <ClCompile Include="Core\PluginManager.cpp">
      <Filter>Source Files</Filter>
    </ClCompile>
    <ClCompile Include="Engine.cpp">
      <Filter>Source Files</Filter>
    </ClCompile>
    <ClCompile Include="Scene\SceneRenderer.cpp">
      <Filter>Source Files</Filter>
    </ClCompile>
    <ClCompile Include="Scene\ScenePass.cpp">
      <Filter>Source Files</Filter>
    </ClCompile>
    <ClCompile Include="Scene\SceneProcedure.cpp">
      <Filter>Source Files</Filter>
    </ClCompile>
    <ClCompile Include="Core\Logging.cpp">
      <Filter>Source Files</Filter>
    </ClCompile>
    <ClCompile Include="Graphics\ModelManager.cpp">
      <Filter>Source Files</Filter>
    </ClCompile>
    <ClCompile Include="Graphics\Animation\AnimationData.cpp">
      <Filter>Source Files</Filter>
    </ClCompile>
    <ClCompile Include="Graphics\Patch.cpp">
      <Filter>Source Files</Filter>
    </ClCompile>
    <ClCompile Include="Graphics\Animation\AnimationPlayers.cpp">
      <Filter>Source Files</Filter>
    </ClCompile>
    <ClCompile Include="Platform\Thread.cpp">
      <Filter>Source Files</Filter>
    </ClCompile>
    <ClCompile Include="Collections\CollectionsCommon.cpp">
      <Filter>Source Files</Filter>
    </ClCompile>
    <ClCompile Include="Graphics\Animation\AnimationManager.cpp">
      <Filter>Source Files</Filter>
    </ClCompile>
    <ClCompile Include="Graphics\VertexFormats.cpp">
      <Filter>Source Files</Filter>
    </ClCompile>
    <ClCompile Include="Scene\SceneRenderScriptParser.cpp">
      <Filter>Source Files</Filter>
    </ClCompile>
    <ClCompile Include="IOLib\BinaryReader.cpp">
      <Filter>Source Files</Filter>
    </ClCompile>
    <ClCompile Include="IOLib\BinaryWriter.cpp">
      <Filter>Source Files</Filter>
    </ClCompile>
    <ClCompile Include="IOLib\MaterialData.cpp">
      <Filter>Source Files</Filter>
    </ClCompile>
    <ClCompile Include="IOLib\ModelData.cpp">
      <Filter>Source Files</Filter>
    </ClCompile>
    <ClCompile Include="IOLib\Streams.cpp">
      <Filter>Source Files</Filter>
    </ClCompile>
    <ClCompile Include="IOLib\TaggedData.cpp">
      <Filter>Source Files</Filter>
    </ClCompile>
    <ClCompile Include="IOLib\TextureData.cpp">
      <Filter>Source Files</Filter>
    </ClCompile>
    <ClCompile Include="UILib\Control.cpp">
      <Filter>Source Files</Filter>
    </ClCompile>
    <ClCompile Include="UILib\FontManager.cpp">
      <Filter>Source Files</Filter>
    </ClCompile>
    <ClCompile Include="Graphics\RenderSystem\Sprite.cpp">
      <Filter>Source Files</Filter>
    </ClCompile>
    <ClCompile Include="UILib\Button.cpp">
      <Filter>Source Files</Filter>
    </ClCompile>
    <ClCompile Include="UILib\StyleSkin.cpp">
      <Filter>Source Files</Filter>
    </ClCompile>
    <ClCompile Include="Input\InputAPI.cpp">
      <Filter>Source Files</Filter>
    </ClCompile>
    <ClCompile Include="Input\Mouse.cpp">
      <Filter>Source Files</Filter>
    </ClCompile>
    <ClCompile Include="Input\Keyboard.cpp">
      <Filter>Source Files</Filter>
    </ClCompile>
    <ClCompile Include="Config\ConfigurationSection.cpp">
      <Filter>Source Files</Filter>
    </ClCompile>
    <ClCompile Include="Vfs\Archive.cpp">
      <Filter>Source Files</Filter>
    </ClCompile>
    <ClCompile Include="UILib\Menu.cpp">
      <Filter>Source Files</Filter>
    </ClCompile>
    <ClCompile Include="UILib\KeyboardHelper.cpp">
      <Filter>Source Files</Filter>
    </ClCompile>
    <ClCompile Include="IOLib\EffectData.cpp">
      <Filter>Source Files</Filter>
    </ClCompile>
    <ClCompile Include="UILib\Form.cpp">
      <Filter>Source Files</Filter>
    </ClCompile>
    <ClCompile Include="UILib\Label.cpp">
      <Filter>Source Files</Filter>
    </ClCompile>
    <ClCompile Include="Project\Project.cpp">
      <Filter>Source Files</Filter>
    </ClCompile>
    <ClCompile Include="UILib\PictureBox.cpp">
      <Filter>Source Files</Filter>
    </ClCompile>
    <ClCompile Include="UILib\Scrollbar.cpp">
      <Filter>Source Files</Filter>
    </ClCompile>
    <ClCompile Include="UILib\List.cpp">
      <Filter>Source Files</Filter>
    </ClCompile>
    <ClCompile Include="Graphics\Camera.cpp">
      <Filter>Source Files</Filter>
    </ClCompile>
    <ClCompile Include="UILib\ComboBox.cpp">
      <Filter>Source Files</Filter>
    </ClCompile>
    <ClCompile Include="UILib\CheckBox.cpp">
      <Filter>Source Files</Filter>
    </ClCompile>
    <ClCompile Include="UILib\Console.cpp">
      <Filter>Source Files</Filter>
    </ClCompile>
    <ClCompile Include="Graphics\GraphicsCommon.cpp">
      <Filter>Source Files</Filter>
    </ClCompile>
    <ClCompile Include="Graphics\ParticleSystem.cpp">
      <Filter>Source Files</Filter>
    </ClCompile>
    <ClCompile Include="Core\Streaming\GenerationTable.cpp">
      <Filter>Source Files</Filter>
    </ClCompile>
    <ClCompile Include="Graphics\RenderOperationBuffer.cpp">
      <Filter>Source Files</Filter>
    </ClCompile>
    <ClCompile Include="Graphics\BatchModelBuilder.cpp">
      <Filter>Source Files</Filter>
    </ClCompile>
    <ClCompile Include="Scene\OctreeSceneManager.cpp">
      <Filter>Source Files</Filter>
    </ClCompile>
    <ClCompile Include="Math\OctreeBox.cpp">
      <Filter>Source Files</Filter>
    </ClCompile>
    <ClCompile Include="Graphics\RenderSystem\InstancingData.cpp">
      <Filter>Source Files</Filter>
    </ClCompile>
    <ClCompile Include="Config\ABCConfigurationFormat.cpp">
      <Filter>Source Files</Filter>
    </ClCompile>
    <ClCompile Include="Config\XmlConfigurationFormat.cpp">
      <Filter>Source Files</Filter>
    </ClCompile>
    <ClCompile Include="tinyxml.cpp">
      <Filter>Source Files</Filter>
    </ClCompile>
    <ClCompile Include="tinyxmlerror.cpp">
      <Filter>Source Files</Filter>
    </ClCompile>
    <ClCompile Include="tinyxmlparser.cpp">
      <Filter>Source Files</Filter>
    </ClCompile>
    <ClCompile Include="Platform\API.cpp">
      <Filter>Source Files</Filter>
    </ClCompile>
    <ClCompile Include="Graphics\RenderSystem\DeviceContext.cpp">
      <Filter>Source Files</Filter>
    </ClCompile>
    <ClCompile Include="Graphics\Animation\AnimationTypes.cpp">
      <Filter>Source Files</Filter>
    </ClCompile>
    <ClCompile Include="dllmain.cpp">
      <Filter>Source Files</Filter>
    </ClCompile>
    <ClCompile Include="Core\CommandInterpreter.cpp">
      <Filter>Source Files</Filter>
    </ClCompile>
    <ClCompile Include="Utility\Compression.cpp">
      <Filter>Source Files</Filter>
    </ClCompile>
    <ClCompile Include="tinythread.cpp">
      <Filter>Source Files</Filter>
    </ClCompile>
    <ClCompile Include="ApocException.cpp">
      <Filter>Source Files</Filter>
    </ClCompile>
    <ClCompile Include="UILib\Dialogs.cpp">
      <Filter>Source Files</Filter>
    </ClCompile>
    <ClCompile Include="Math\sse_functions.cpp">
      <Filter>Source Files</Filter>
    </ClCompile>
  </ItemGroup>
</Project>